
Microsoft Visual Studio Solution File, Format Version 12.00
# Visual Studio Version 17
VisualStudioVersion = 17.8.34219.65
MinimumVisualStudioVersion = 10.0.40219.1
Project("{8BC9CEB8-8B4A-11D0-8D11-00A0C91BC942}") = "ConsoleApplication18a", "ConsoleApplication18a\ConsoleApplication18a.vcxproj", "{15EE6728-90B4-4100-8CAA-6D69F51CA851}"
EndProject
Global
	GlobalSection(SolutionConfigurationPlatforms) = preSolution
		Debug|x64 = Debug|x64
		Debug|x86 = Debug|x86
		Release|x64 = Release|x64
		Release|x86 = Release|x86
	EndGlobalSection
	GlobalSection(ProjectConfigurationPlatforms) = postSolution
		{15EE6728-90B4-4100-8CAA-6D69F51CA851}.Debug|x64.ActiveCfg = Debug|x64
		{15EE6728-90B4-4100-8CAA-6D69F51CA851}.Debug|x64.Build.0 = Debug|x64
		{15EE6728-90B4-4100-8CAA-6D69F51CA851}.Debug|x86.ActiveCfg = Debug|Win32
		{15EE6728-90B4-4100-8CAA-6D69F51CA851}.Debug|x86.Build.0 = Debug|Win32
		{15EE6728-90B4-4100-8CAA-6D69F51CA851}.Release|x64.ActiveCfg = Release|x64
		{15EE6728-90B4-4100-8CAA-6D69F51CA851}.Release|x64.Build.0 = Release|x64
		{15EE6728-90B4-4100-8CAA-6D69F51CA851}.Release|x86.ActiveCfg = Release|Win32
		{15EE6728-90B4-4100-8CAA-6D69F51CA851}.Release|x86.Build.0 = Release|Win32
	EndGlobalSection
	GlobalSection(SolutionProperties) = preSolution
		HideSolutionNode = FALSE
	EndGlobalSection
	GlobalSection(ExtensibilityGlobals) = postSolution
		SolutionGuid = {38B0DCF5-75B6-40E7-B3C2-C1FE1BC368EE}
	EndGlobalSection
EndGlobal
